
Microsoft Visual Studio Solution File, Format Version 12.00
# Visual Studio Version 16
VisualStudioVersion = 16.0.32510.428
MinimumVisualStudioVersion = 10.0.40219.1
Project("{FAE04EC0-301F-11D3-BF4B-00C04F79EFBC}") = "CurdAppWithStoredProcedure", "CurdAppWithStoredProcedure\CurdAppWithStoredProcedure.csproj", "{73DA7319-EA99-4C99-8ECF-45E63907D5D9}"
EndProject
Global
	GlobalSection(SolutionConfigurationPlatforms) = preSolution
		Debug|Any CPU = Debug|Any CPU
		Release|Any CPU = Release|Any CPU
	EndGlobalSection
	GlobalSection(ProjectConfigurationPlatforms) = postSolution
		{73DA7319-EA99-4C99-8ECF-45E63907D5D9}.Debug|Any CPU.ActiveCfg = Debug|Any CPU
		{73DA7319-EA99-4C99-8ECF-45E63907D5D9}.Debug|Any CPU.Build.0 = Debug|Any CPU
		{73DA7319-EA99-4C99-8ECF-45E63907D5D9}.Release|Any CPU.ActiveCfg = Release|Any CPU
		{73DA7319-EA99-4C99-8ECF-45E63907D5D9}.Release|Any CPU.Build.0 = Release|Any CPU
	EndGlobalSection
	GlobalSection(SolutionProperties) = preSolution
		HideSolutionNode = FALSE
	EndGlobalSection
	GlobalSection(ExtensibilityGlobals) = postSolution
		SolutionGuid = {2FFA064C-2CC2-40E7-853F-C250AB6FDF6C}
	EndGlobalSection
EndGlobal
